
Microsoft Visual Studio Solution File, Format Version 12.00
# Visual Studio 15
VisualStudioVersion = 15.0.26430.15
MinimumVisualStudioVersion = 10.0.40219.1
Project("{9A19103F-16F7-4668-BE54-9A1E7A4F7556}") = "Sseko", "Sseko\Sseko.csproj", "{CFFCD7D6-9728-4FCB-8C77-6F6CFC4D2D26}"
EndProject
Project("{9A19103F-16F7-4668-BE54-9A1E7A4F7556}") = "Sseko.Data", "Sseko.Data\Sseko.Data.csproj", "{1233ED26-9AD9-4BBC-A1DC-FD43A87AD321}"
EndProject
Project("{2150E333-8FDC-42A3-9474-1A3956D46DE8}") = "Solution Items", "Solution Items", "{42FD33C9-291D-43D2-9179-DCABFBDAD74C}"
	ProjectSection(SolutionItems) = preProject
		NuGet.config = NuGet.config
	EndProjectSection
EndProject
Project("{9A19103F-16F7-4668-BE54-9A1E7A4F7556}") = "Sseko.DAL.DocumentDb", "Sseko.DAL.DocumentDb\Sseko.DAL.DocumentDb.csproj", "{9A0A1C48-716B-4F9B-831E-C6AB2B0BA21A}"
EndProject
Project("{9A19103F-16F7-4668-BE54-9A1E7A4F7556}") = "AspNetCore.Identity.DocumentDb", "AspNetCore.Identity.DocumentDb\AspNetCore.Identity.DocumentDb.csproj", "{C35B69D9-0D5C-4470-92CD-4145F32BC4F6}"
EndProject
Project("{9A19103F-16F7-4668-BE54-9A1E7A4F7556}") = "Sseko.BLL", "Sseko.BLL\Sseko.BLL.csproj", "{BEF970F3-8E88-4850-9161-06E5573650E7}"
EndProject
Project("{9A19103F-16F7-4668-BE54-9A1E7A4F7556}") = "Sseko.Akka.DataService", "Sseko.Akka.DataService\Sseko.Akka.DataService.csproj", "{CE1D9A5D-D0E9-4FF7-9D68-6EC4197D8CA2}"
EndProject
Project("{9A19103F-16F7-4668-BE54-9A1E7A4F7556}") = "Sseko.Akka.ReportGeneration", "Sseko.Akka.ReportGeneration\Sseko.Akka.ReportGeneration.csproj", "{CA45EABC-C284-493A-B411-86CF0DCFEBA2}"
EndProject
Project("{9A19103F-16F7-4668-BE54-9A1E7A4F7556}") = "Sseko.Core", "Sseko.Core\Sseko.Core.csproj", "{D6F809DD-6B56-4F2C-8AF2-1191C8634E2B}"
EndProject
Global
	GlobalSection(SolutionConfigurationPlatforms) = preSolution
		Debug|Any CPU = Debug|Any CPU
		Release|Any CPU = Release|Any CPU
	EndGlobalSection
	GlobalSection(ProjectConfigurationPlatforms) = postSolution
		{CFFCD7D6-9728-4FCB-8C77-6F6CFC4D2D26}.Debug|Any CPU.ActiveCfg = Debug|Any CPU
		{CFFCD7D6-9728-4FCB-8C77-6F6CFC4D2D26}.Debug|Any CPU.Build.0 = Debug|Any CPU
		{CFFCD7D6-9728-4FCB-8C77-6F6CFC4D2D26}.Release|Any CPU.ActiveCfg = Release|Any CPU
		{CFFCD7D6-9728-4FCB-8C77-6F6CFC4D2D26}.Release|Any CPU.Build.0 = Release|Any CPU
		{1233ED26-9AD9-4BBC-A1DC-FD43A87AD321}.Debug|Any CPU.ActiveCfg = Debug|Any CPU
		{1233ED26-9AD9-4BBC-A1DC-FD43A87AD321}.Debug|Any CPU.Build.0 = Debug|Any CPU
		{1233ED26-9AD9-4BBC-A1DC-FD43A87AD321}.Release|Any CPU.ActiveCfg = Release|Any CPU
		{1233ED26-9AD9-4BBC-A1DC-FD43A87AD321}.Release|Any CPU.Build.0 = Release|Any CPU
		{9A0A1C48-716B-4F9B-831E-C6AB2B0BA21A}.Debug|Any CPU.ActiveCfg = Debug|Any CPU
		{9A0A1C48-716B-4F9B-831E-C6AB2B0BA21A}.Debug|Any CPU.Build.0 = Debug|Any CPU
		{9A0A1C48-716B-4F9B-831E-C6AB2B0BA21A}.Release|Any CPU.ActiveCfg = Release|Any CPU
		{9A0A1C48-716B-4F9B-831E-C6AB2B0BA21A}.Release|Any CPU.Build.0 = Release|Any CPU
		{C35B69D9-0D5C-4470-92CD-4145F32BC4F6}.Debug|Any CPU.ActiveCfg = Debug|Any CPU
		{C35B69D9-0D5C-4470-92CD-4145F32BC4F6}.Debug|Any CPU.Build.0 = Debug|Any CPU
		{C35B69D9-0D5C-4470-92CD-4145F32BC4F6}.Release|Any CPU.ActiveCfg = Release|Any CPU
		{C35B69D9-0D5C-4470-92CD-4145F32BC4F6}.Release|Any CPU.Build.0 = Release|Any CPU
		{BEF970F3-8E88-4850-9161-06E5573650E7}.Debug|Any CPU.ActiveCfg = Debug|Any CPU
		{BEF970F3-8E88-4850-9161-06E5573650E7}.Debug|Any CPU.Build.0 = Debug|Any CPU
		{BEF970F3-8E88-4850-9161-06E5573650E7}.Release|Any CPU.ActiveCfg = Release|Any CPU
		{BEF970F3-8E88-4850-9161-06E5573650E7}.Release|Any CPU.Build.0 = Release|Any CPU
		{CE1D9A5D-D0E9-4FF7-9D68-6EC4197D8CA2}.Debug|Any CPU.ActiveCfg = Debug|Any CPU
		{CE1D9A5D-D0E9-4FF7-9D68-6EC4197D8CA2}.Debug|Any CPU.Build.0 = Debug|Any CPU
		{CE1D9A5D-D0E9-4FF7-9D68-6EC4197D8CA2}.Release|Any CPU.ActiveCfg = Release|Any CPU
		{CE1D9A5D-D0E9-4FF7-9D68-6EC4197D8CA2}.Release|Any CPU.Build.0 = Release|Any CPU
		{CA45EABC-C284-493A-B411-86CF0DCFEBA2}.Debug|Any CPU.ActiveCfg = Debug|Any CPU
		{CA45EABC-C284-493A-B411-86CF0DCFEBA2}.Debug|Any CPU.Build.0 = Debug|Any CPU
		{CA45EABC-C284-493A-B411-86CF0DCFEBA2}.Release|Any CPU.ActiveCfg = Release|Any CPU
		{CA45EABC-C284-493A-B411-86CF0DCFEBA2}.Release|Any CPU.Build.0 = Release|Any CPU
		{D6F809DD-6B56-4F2C-8AF2-1191C8634E2B}.Debug|Any CPU.ActiveCfg = Debug|Any CPU
		{D6F809DD-6B56-4F2C-8AF2-1191C8634E2B}.Debug|Any CPU.Build.0 = Debug|Any CPU
		{D6F809DD-6B56-4F2C-8AF2-1191C8634E2B}.Release|Any CPU.ActiveCfg = Release|Any CPU
		{D6F809DD-6B56-4F2C-8AF2-1191C8634E2B}.Release|Any CPU.Build.0 = Release|Any CPU
	EndGlobalSection
	GlobalSection(SolutionProperties) = preSolution
		HideSolutionNode = FALSE
	EndGlobalSection
EndGlobal
